
Microsoft Visual Studio Solution File, Format Version 11.00
# Visual Studio 2010
Project("{FAE04EC0-301F-11D3-BF4B-00C04F79EFBC}") = "SpaceFlight", "SpaceFlight.csproj", "{373DBA01-178D-9FF3-B5C4-6DB472700C2A}"
EndProject
Project("{FAE04EC0-301F-11D3-BF4B-00C04F79EFBC}") = "Assembly-CSharp", "Assembly-CSharp.csproj", "{733BF8CE-3BA8-4410-1458-D4B264D311D0}"
EndProject
Project("{FAE04EC0-301F-11D3-BF4B-00C04F79EFBC}") = "Tests", "Tests.csproj", "{FD67C194-B3AC-633E-6B53-3A20C2CBF985}"
EndProject
Project("{FAE04EC0-301F-11D3-BF4B-00C04F79EFBC}") = "Assembly-CSharp-Editor", "Assembly-CSharp-Editor.csproj", "{2DD1F4A9-A99A-5D5C-4785-AFF02E5927ED}"
EndProject
Global
	GlobalSection(SolutionConfigurationPlatforms) = preSolution
		Debug|Any CPU = Debug|Any CPU
		Release|Any CPU = Release|Any CPU
	EndGlobalSection
	GlobalSection(ProjectConfigurationPlatforms) = postSolution
		{373DBA01-178D-9FF3-B5C4-6DB472700C2A}.Debug|Any CPU.ActiveCfg = Debug|Any CPU
		{373DBA01-178D-9FF3-B5C4-6DB472700C2A}.Debug|Any CPU.Build.0 = Debug|Any CPU
		{373DBA01-178D-9FF3-B5C4-6DB472700C2A}.Release|Any CPU.ActiveCfg = Release|Any CPU
		{373DBA01-178D-9FF3-B5C4-6DB472700C2A}.Release|Any CPU.Build.0 = Release|Any CPU
		{733BF8CE-3BA8-4410-1458-D4B264D311D0}.Debug|Any CPU.ActiveCfg = Debug|Any CPU
		{733BF8CE-3BA8-4410-1458-D4B264D311D0}.Debug|Any CPU.Build.0 = Debug|Any CPU
		{733BF8CE-3BA8-4410-1458-D4B264D311D0}.Release|Any CPU.ActiveCfg = Release|Any CPU
		{733BF8CE-3BA8-4410-1458-D4B264D311D0}.Release|Any CPU.Build.0 = Release|Any CPU
		{FD67C194-B3AC-633E-6B53-3A20C2CBF985}.Debug|Any CPU.ActiveCfg = Debug|Any CPU
		{FD67C194-B3AC-633E-6B53-3A20C2CBF985}.Debug|Any CPU.Build.0 = Debug|Any CPU
		{FD67C194-B3AC-633E-6B53-3A20C2CBF985}.Release|Any CPU.ActiveCfg = Release|Any CPU
		{FD67C194-B3AC-633E-6B53-3A20C2CBF985}.Release|Any CPU.Build.0 = Release|Any CPU
		{2DD1F4A9-A99A-5D5C-4785-AFF02E5927ED}.Debug|Any CPU.ActiveCfg = Debug|Any CPU
		{2DD1F4A9-A99A-5D5C-4785-AFF02E5927ED}.Debug|Any CPU.Build.0 = Debug|Any CPU
		{2DD1F4A9-A99A-5D5C-4785-AFF02E5927ED}.Release|Any CPU.ActiveCfg = Release|Any CPU
		{2DD1F4A9-A99A-5D5C-4785-AFF02E5927ED}.Release|Any CPU.Build.0 = Release|Any CPU
	EndGlobalSection
	GlobalSection(SolutionProperties) = preSolution
		HideSolutionNode = FALSE
	EndGlobalSection
EndGlobal
