
Microsoft Visual Studio Solution File, Format Version 11.00
# Visual Studio 2010
Project("{FAE04EC0-301F-11D3-BF4B-00C04F79EFBC}") = "SpaceFlight", "SpaceFlight.csproj", "{7D609CE0-523D-67A4-38BC-38E8D43EA8DD}"
EndProject
Project("{FAE04EC0-301F-11D3-BF4B-00C04F79EFBC}") = "Assembly-CSharp", "Assembly-CSharp.csproj", "{233C55F5-F7A3-CE42-5F75-D14C1732DA54}"
EndProject
Project("{FAE04EC0-301F-11D3-BF4B-00C04F79EFBC}") = "Tests", "Tests.csproj", "{90DE4FD3-A9CF-6732-9C92-3F8F7DF600C4}"
EndProject
Global
	GlobalSection(SolutionConfigurationPlatforms) = preSolution
		Debug|Any CPU = Debug|Any CPU
		Release|Any CPU = Release|Any CPU
	EndGlobalSection
	GlobalSection(ProjectConfigurationPlatforms) = postSolution
		{7D609CE0-523D-67A4-38BC-38E8D43EA8DD}.Debug|Any CPU.ActiveCfg = Debug|Any CPU
		{7D609CE0-523D-67A4-38BC-38E8D43EA8DD}.Debug|Any CPU.Build.0 = Debug|Any CPU
		{7D609CE0-523D-67A4-38BC-38E8D43EA8DD}.Release|Any CPU.ActiveCfg = Release|Any CPU
		{7D609CE0-523D-67A4-38BC-38E8D43EA8DD}.Release|Any CPU.Build.0 = Release|Any CPU
		{233C55F5-F7A3-CE42-5F75-D14C1732DA54}.Debug|Any CPU.ActiveCfg = Debug|Any CPU
		{233C55F5-F7A3-CE42-5F75-D14C1732DA54}.Debug|Any CPU.Build.0 = Debug|Any CPU
		{233C55F5-F7A3-CE42-5F75-D14C1732DA54}.Release|Any CPU.ActiveCfg = Release|Any CPU
		{233C55F5-F7A3-CE42-5F75-D14C1732DA54}.Release|Any CPU.Build.0 = Release|Any CPU
		{90DE4FD3-A9CF-6732-9C92-3F8F7DF600C4}.Debug|Any CPU.ActiveCfg = Debug|Any CPU
		{90DE4FD3-A9CF-6732-9C92-3F8F7DF600C4}.Debug|Any CPU.Build.0 = Debug|Any CPU
		{90DE4FD3-A9CF-6732-9C92-3F8F7DF600C4}.Release|Any CPU.ActiveCfg = Release|Any CPU
		{90DE4FD3-A9CF-6732-9C92-3F8F7DF600C4}.Release|Any CPU.Build.0 = Release|Any CPU
	EndGlobalSection
	GlobalSection(SolutionProperties) = preSolution
		HideSolutionNode = FALSE
	EndGlobalSection
EndGlobal
